
Microsoft Visual Studio Solution File, Format Version 12.00
# Visual Studio 2013
VisualStudioVersion = 12.0.21005.1
MinimumVisualStudioVersion = 10.0.40219.1
Project("{2150E333-8FDC-42A3-9474-1A3956D46DE8}") = "Unidades", "Unidades", "{AB97A883-933A-49B4-BC15-AD486B9B7124}"
EndProject
Project("{FAE04EC0-301F-11D3-BF4B-00C04F79EFBC}") = "Unidade_3", "Unidade 3\Unidade 3\Unidade_3.csproj", "{671F020D-88C6-4A5C-BECE-282A463B5744}"
EndProject
Project("{FAE04EC0-301F-11D3-BF4B-00C04F79EFBC}") = "Unidade_3_Complementar", "Unidade 3 Complementar\Unidade 3\Unidade_3_Complementar.csproj", "{152756E7-C51D-42F0-ADA0-D0BF6237506B}"
EndProject
Project("{FAE04EC0-301F-11D3-BF4B-00C04F79EFBC}") = "Unidade_4", "Unidade 4\Unidade 4\Unidade_4.csproj", "{99A989BE-5B08-4F8C-8672-0ED31FA61F44}"
EndProject
Project("{FAE04EC0-301F-11D3-BF4B-00C04F79EFBC}") = "Unidade_6", "Unidade 6\Unidade 6\Unidade_6.csproj", "{F441DA4C-4F20-4544-8467-06241FD8F494}"
EndProject
Project("{FAE04EC0-301F-11D3-BF4B-00C04F79EFBC}") = "Unidade_6_Complementar", "Unidade 6 Complementar\Unidade 6 Complementar\Unidade_6_Complementar.csproj", "{03EBB351-2200-49A4-9834-A5D4FF59472A}"
EndProject
Project("{FAE04EC0-301F-11D3-BF4B-00C04F79EFBC}") = "Unidade_7", "Unidade 7\Unidade_7.csproj", "{4F4D2E17-5191-494E-A921-38B69566EEE3}"
EndProject
Project("{2150E333-8FDC-42A3-9474-1A3956D46DE8}") = "Medindo a Febre", "Medindo a Febre", "{72AF2C54-679B-4F9D-927E-596288898C89}"
EndProject
Project("{FAE04EC0-301F-11D3-BF4B-00C04F79EFBC}") = "Medindo a Febre V", "Medindo a Febre V\Medindo a Febre V.csproj", "{519BED8B-6ECD-4D09-86E8-5D7C5C00AA4E}"
EndProject
Project("{FAE04EC0-301F-11D3-BF4B-00C04F79EFBC}") = "Unidade_8", "Unidade_8\Unidade_8.csproj", "{05BC7054-E125-44BF-98ED-FD4965A90AF8}"
EndProject
Project("{FAE04EC0-301F-11D3-BF4B-00C04F79EFBC}") = "Medindo a Febre VI", "Medindo a Febre VI\Medindo a Febre VI.csproj", "{512D9254-F569-4A35-A507-9CFB5E515381}"
EndProject
Global
	GlobalSection(SolutionConfigurationPlatforms) = preSolution
		Debug|Any CPU = Debug|Any CPU
		Release|Any CPU = Release|Any CPU
	EndGlobalSection
	GlobalSection(ProjectConfigurationPlatforms) = postSolution
		{671F020D-88C6-4A5C-BECE-282A463B5744}.Debug|Any CPU.ActiveCfg = Debug|Any CPU
		{671F020D-88C6-4A5C-BECE-282A463B5744}.Debug|Any CPU.Build.0 = Debug|Any CPU
		{671F020D-88C6-4A5C-BECE-282A463B5744}.Release|Any CPU.ActiveCfg = Release|Any CPU
		{671F020D-88C6-4A5C-BECE-282A463B5744}.Release|Any CPU.Build.0 = Release|Any CPU
		{152756E7-C51D-42F0-ADA0-D0BF6237506B}.Debug|Any CPU.ActiveCfg = Debug|Any CPU
		{152756E7-C51D-42F0-ADA0-D0BF6237506B}.Debug|Any CPU.Build.0 = Debug|Any CPU
		{152756E7-C51D-42F0-ADA0-D0BF6237506B}.Release|Any CPU.ActiveCfg = Release|Any CPU
		{152756E7-C51D-42F0-ADA0-D0BF6237506B}.Release|Any CPU.Build.0 = Release|Any CPU
		{99A989BE-5B08-4F8C-8672-0ED31FA61F44}.Debug|Any CPU.ActiveCfg = Debug|Any CPU
		{99A989BE-5B08-4F8C-8672-0ED31FA61F44}.Debug|Any CPU.Build.0 = Debug|Any CPU
		{99A989BE-5B08-4F8C-8672-0ED31FA61F44}.Release|Any CPU.ActiveCfg = Release|Any CPU
		{99A989BE-5B08-4F8C-8672-0ED31FA61F44}.Release|Any CPU.Build.0 = Release|Any CPU
		{F441DA4C-4F20-4544-8467-06241FD8F494}.Debug|Any CPU.ActiveCfg = Debug|Any CPU
		{F441DA4C-4F20-4544-8467-06241FD8F494}.Debug|Any CPU.Build.0 = Debug|Any CPU
		{F441DA4C-4F20-4544-8467-06241FD8F494}.Release|Any CPU.ActiveCfg = Release|Any CPU
		{F441DA4C-4F20-4544-8467-06241FD8F494}.Release|Any CPU.Build.0 = Release|Any CPU
		{03EBB351-2200-49A4-9834-A5D4FF59472A}.Debug|Any CPU.ActiveCfg = Debug|Any CPU
		{03EBB351-2200-49A4-9834-A5D4FF59472A}.Debug|Any CPU.Build.0 = Debug|Any CPU
		{03EBB351-2200-49A4-9834-A5D4FF59472A}.Release|Any CPU.ActiveCfg = Release|Any CPU
		{03EBB351-2200-49A4-9834-A5D4FF59472A}.Release|Any CPU.Build.0 = Release|Any CPU
		{4F4D2E17-5191-494E-A921-38B69566EEE3}.Debug|Any CPU.ActiveCfg = Debug|Any CPU
		{4F4D2E17-5191-494E-A921-38B69566EEE3}.Debug|Any CPU.Build.0 = Debug|Any CPU
		{4F4D2E17-5191-494E-A921-38B69566EEE3}.Release|Any CPU.ActiveCfg = Release|Any CPU
		{4F4D2E17-5191-494E-A921-38B69566EEE3}.Release|Any CPU.Build.0 = Release|Any CPU
		{519BED8B-6ECD-4D09-86E8-5D7C5C00AA4E}.Debug|Any CPU.ActiveCfg = Debug|Any CPU
		{519BED8B-6ECD-4D09-86E8-5D7C5C00AA4E}.Debug|Any CPU.Build.0 = Debug|Any CPU
		{519BED8B-6ECD-4D09-86E8-5D7C5C00AA4E}.Release|Any CPU.ActiveCfg = Release|Any CPU
		{519BED8B-6ECD-4D09-86E8-5D7C5C00AA4E}.Release|Any CPU.Build.0 = Release|Any CPU
		{05BC7054-E125-44BF-98ED-FD4965A90AF8}.Debug|Any CPU.ActiveCfg = Debug|Any CPU
		{05BC7054-E125-44BF-98ED-FD4965A90AF8}.Debug|Any CPU.Build.0 = Debug|Any CPU
		{05BC7054-E125-44BF-98ED-FD4965A90AF8}.Release|Any CPU.ActiveCfg = Release|Any CPU
		{05BC7054-E125-44BF-98ED-FD4965A90AF8}.Release|Any CPU.Build.0 = Release|Any CPU
		{512D9254-F569-4A35-A507-9CFB5E515381}.Debug|Any CPU.ActiveCfg = Debug|Any CPU
		{512D9254-F569-4A35-A507-9CFB5E515381}.Debug|Any CPU.Build.0 = Debug|Any CPU
		{512D9254-F569-4A35-A507-9CFB5E515381}.Release|Any CPU.ActiveCfg = Release|Any CPU
		{512D9254-F569-4A35-A507-9CFB5E515381}.Release|Any CPU.Build.0 = Release|Any CPU
	EndGlobalSection
	GlobalSection(SolutionProperties) = preSolution
		HideSolutionNode = FALSE
	EndGlobalSection
	GlobalSection(NestedProjects) = preSolution
		{671F020D-88C6-4A5C-BECE-282A463B5744} = {AB97A883-933A-49B4-BC15-AD486B9B7124}
		{152756E7-C51D-42F0-ADA0-D0BF6237506B} = {AB97A883-933A-49B4-BC15-AD486B9B7124}
		{99A989BE-5B08-4F8C-8672-0ED31FA61F44} = {AB97A883-933A-49B4-BC15-AD486B9B7124}
		{F441DA4C-4F20-4544-8467-06241FD8F494} = {AB97A883-933A-49B4-BC15-AD486B9B7124}
		{03EBB351-2200-49A4-9834-A5D4FF59472A} = {AB97A883-933A-49B4-BC15-AD486B9B7124}
		{4F4D2E17-5191-494E-A921-38B69566EEE3} = {AB97A883-933A-49B4-BC15-AD486B9B7124}
		{05BC7054-E125-44BF-98ED-FD4965A90AF8} = {AB97A883-933A-49B4-BC15-AD486B9B7124}
		{519BED8B-6ECD-4D09-86E8-5D7C5C00AA4E} = {72AF2C54-679B-4F9D-927E-596288898C89}
		{512D9254-F569-4A35-A507-9CFB5E515381} = {72AF2C54-679B-4F9D-927E-596288898C89}
	EndGlobalSection
EndGlobal
