
Microsoft Visual Studio Solution File, Format Version 12.00
# Visual Studio 2013
VisualStudioVersion = 12.0.21005.1
MinimumVisualStudioVersion = 10.0.40219.1
Project("{2150E333-8FDC-42A3-9474-1A3956D46DE8}") = "Unidades", "Unidades", "{AB97A883-933A-49B4-BC15-AD486B9B7124}"
EndProject
Project("{FAE04EC0-301F-11D3-BF4B-00C04F79EFBC}") = "Unidade_03", "Unidade 3\Unidade 3\Unidade_03.csproj", "{671F020D-88C6-4A5C-BECE-282A463B5744}"
EndProject
Project("{FAE04EC0-301F-11D3-BF4B-00C04F79EFBC}") = "Unidade_03_Complementar", "Unidade 3 Complementar\Unidade 3\Unidade_03_Complementar.csproj", "{152756E7-C51D-42F0-ADA0-D0BF6237506B}"
EndProject
Project("{FAE04EC0-301F-11D3-BF4B-00C04F79EFBC}") = "Unidade_04", "Unidade 4\Unidade 4\Unidade_04.csproj", "{99A989BE-5B08-4F8C-8672-0ED31FA61F44}"
EndProject
Project("{FAE04EC0-301F-11D3-BF4B-00C04F79EFBC}") = "Unidade_06", "Unidade 6\Unidade 6\Unidade_06.csproj", "{F441DA4C-4F20-4544-8467-06241FD8F494}"
EndProject
Project("{FAE04EC0-301F-11D3-BF4B-00C04F79EFBC}") = "Unidade_06_Complementar", "Unidade 6 Complementar\Unidade 6 Complementar\Unidade_06_Complementar.csproj", "{03EBB351-2200-49A4-9834-A5D4FF59472A}"
EndProject
Project("{FAE04EC0-301F-11D3-BF4B-00C04F79EFBC}") = "Unidade_07", "Unidade 7\Unidade_07.csproj", "{4F4D2E17-5191-494E-A921-38B69566EEE3}"
EndProject
Project("{2150E333-8FDC-42A3-9474-1A3956D46DE8}") = "Medindo a Febre", "Medindo a Febre", "{72AF2C54-679B-4F9D-927E-596288898C89}"
EndProject
Project("{FAE04EC0-301F-11D3-BF4B-00C04F79EFBC}") = "Medindo a Febre V", "Medindo a Febre V\Medindo a Febre V.csproj", "{519BED8B-6ECD-4D09-86E8-5D7C5C00AA4E}"
EndProject
Project("{FAE04EC0-301F-11D3-BF4B-00C04F79EFBC}") = "Unidade_08", "Unidade_8\Unidade_08.csproj", "{05BC7054-E125-44BF-98ED-FD4965A90AF8}"
EndProject
Project("{FAE04EC0-301F-11D3-BF4B-00C04F79EFBC}") = "Medindo a Febre VI", "Medindo a Febre VI\Medindo a Febre VI.csproj", "{512D9254-F569-4A35-A507-9CFB5E515381}"
EndProject
Project("{FAE04EC0-301F-11D3-BF4B-00C04F79EFBC}") = "Unidade_09", "Unidade_9\Unidade_09.csproj", "{CFCFC829-D7FF-4BC5-8CD4-2DC47FE9BA4C}"
EndProject
Project("{FAE04EC0-301F-11D3-BF4B-00C04F79EFBC}") = "Unidade_09_Complementar", "Unidade_9_Complementar\Unidade_09_Complementar.csproj", "{590B6D22-39A7-4EBF-ACF3-13F75E106F00}"
EndProject
Project("{FAE04EC0-301F-11D3-BF4B-00C04F79EFBC}") = "Unidade_10", "Unidade_10\Unidade_10.csproj", "{DEAA3150-A212-4D84-9814-E54B934B94B7}"
EndProject
Project("{FAE04EC0-301F-11D3-BF4B-00C04F79EFBC}") = "Unidade_10_Complementar", "Unidade_10_Complementar\Unidade_10_Complementar.csproj", "{C071905A-8EA8-42DC-9FB9-45F0E9EC97AE}"
EndProject
Project("{FAE04EC0-301F-11D3-BF4B-00C04F79EFBC}") = "Unidade_11", "Unidade_11\Unidade_11.csproj", "{6D34CEFB-1C68-4B3E-AA1D-9CE9878701F2}"
EndProject
Project("{FAE04EC0-301F-11D3-BF4B-00C04F79EFBC}") = "Unidade_11_Complementar", "Unidade_11_Complementar\Unidade_11_Complementar.csproj", "{D8CDA6DF-A1CF-4EBD-BDEF-3D7329245DE5}"
EndProject
Project("{FAE04EC0-301F-11D3-BF4B-00C04F79EFBC}") = "Unidade_12", "Unidade_12\Unidade_12.csproj", "{F9E3807C-792A-4836-8180-D19052204A31}"
EndProject
Project("{2150E333-8FDC-42A3-9474-1A3956D46DE8}") = "Banco de Dados", "Banco de Dados", "{55391EA7-84B3-4665-9D93-92E7A962F981}"
	ProjectSection(SolutionItems) = preProject
		Programa_Em_SQL\App.config = Programa_Em_SQL\App.config
	EndProjectSection
EndProject
Project("{FAE04EC0-301F-11D3-BF4B-00C04F79EFBC}") = "Programa_Em_SQL", "Programa_Em_SQL\Programa_Em_SQL.csproj", "{074FC55D-9FDC-42CD-A805-C70AC0099E0E}"
EndProject
Project("{FAE04EC0-301F-11D3-BF4B-00C04F79EFBC}") = "Unidade_13_ArrayList_List", "Unidade_13_ArrayList_List\Unidade_13_ArrayList_List.csproj", "{97588F41-CE7E-439A-AA40-B1532E49485A}"
EndProject
Project("{FAE04EC0-301F-11D3-BF4B-00C04F79EFBC}") = "Unidade_Complementar", "Unidade_Complementar\Unidade_Complementar.csproj", "{58A5E9DC-9B74-4B9F-A7D1-4B80A1AA6DA4}"
EndProject
Global
	GlobalSection(SolutionConfigurationPlatforms) = preSolution
		Debug|Any CPU = Debug|Any CPU
		Release|Any CPU = Release|Any CPU
	EndGlobalSection
	GlobalSection(ProjectConfigurationPlatforms) = postSolution
		{671F020D-88C6-4A5C-BECE-282A463B5744}.Debug|Any CPU.ActiveCfg = Debug|Any CPU
		{671F020D-88C6-4A5C-BECE-282A463B5744}.Debug|Any CPU.Build.0 = Debug|Any CPU
		{671F020D-88C6-4A5C-BECE-282A463B5744}.Release|Any CPU.ActiveCfg = Release|Any CPU
		{671F020D-88C6-4A5C-BECE-282A463B5744}.Release|Any CPU.Build.0 = Release|Any CPU
		{152756E7-C51D-42F0-ADA0-D0BF6237506B}.Debug|Any CPU.ActiveCfg = Debug|Any CPU
		{152756E7-C51D-42F0-ADA0-D0BF6237506B}.Debug|Any CPU.Build.0 = Debug|Any CPU
		{152756E7-C51D-42F0-ADA0-D0BF6237506B}.Release|Any CPU.ActiveCfg = Release|Any CPU
		{152756E7-C51D-42F0-ADA0-D0BF6237506B}.Release|Any CPU.Build.0 = Release|Any CPU
		{99A989BE-5B08-4F8C-8672-0ED31FA61F44}.Debug|Any CPU.ActiveCfg = Debug|Any CPU
		{99A989BE-5B08-4F8C-8672-0ED31FA61F44}.Debug|Any CPU.Build.0 = Debug|Any CPU
		{99A989BE-5B08-4F8C-8672-0ED31FA61F44}.Release|Any CPU.ActiveCfg = Release|Any CPU
		{99A989BE-5B08-4F8C-8672-0ED31FA61F44}.Release|Any CPU.Build.0 = Release|Any CPU
		{F441DA4C-4F20-4544-8467-06241FD8F494}.Debug|Any CPU.ActiveCfg = Debug|Any CPU
		{F441DA4C-4F20-4544-8467-06241FD8F494}.Debug|Any CPU.Build.0 = Debug|Any CPU
		{F441DA4C-4F20-4544-8467-06241FD8F494}.Release|Any CPU.ActiveCfg = Release|Any CPU
		{F441DA4C-4F20-4544-8467-06241FD8F494}.Release|Any CPU.Build.0 = Release|Any CPU
		{03EBB351-2200-49A4-9834-A5D4FF59472A}.Debug|Any CPU.ActiveCfg = Debug|Any CPU
		{03EBB351-2200-49A4-9834-A5D4FF59472A}.Debug|Any CPU.Build.0 = Debug|Any CPU
		{03EBB351-2200-49A4-9834-A5D4FF59472A}.Release|Any CPU.ActiveCfg = Release|Any CPU
		{03EBB351-2200-49A4-9834-A5D4FF59472A}.Release|Any CPU.Build.0 = Release|Any CPU
		{4F4D2E17-5191-494E-A921-38B69566EEE3}.Debug|Any CPU.ActiveCfg = Debug|Any CPU
		{4F4D2E17-5191-494E-A921-38B69566EEE3}.Debug|Any CPU.Build.0 = Debug|Any CPU
		{4F4D2E17-5191-494E-A921-38B69566EEE3}.Release|Any CPU.ActiveCfg = Release|Any CPU
		{4F4D2E17-5191-494E-A921-38B69566EEE3}.Release|Any CPU.Build.0 = Release|Any CPU
		{519BED8B-6ECD-4D09-86E8-5D7C5C00AA4E}.Debug|Any CPU.ActiveCfg = Debug|Any CPU
		{519BED8B-6ECD-4D09-86E8-5D7C5C00AA4E}.Debug|Any CPU.Build.0 = Debug|Any CPU
		{519BED8B-6ECD-4D09-86E8-5D7C5C00AA4E}.Release|Any CPU.ActiveCfg = Release|Any CPU
		{519BED8B-6ECD-4D09-86E8-5D7C5C00AA4E}.Release|Any CPU.Build.0 = Release|Any CPU
		{05BC7054-E125-44BF-98ED-FD4965A90AF8}.Debug|Any CPU.ActiveCfg = Debug|Any CPU
		{05BC7054-E125-44BF-98ED-FD4965A90AF8}.Debug|Any CPU.Build.0 = Debug|Any CPU
		{05BC7054-E125-44BF-98ED-FD4965A90AF8}.Release|Any CPU.ActiveCfg = Release|Any CPU
		{05BC7054-E125-44BF-98ED-FD4965A90AF8}.Release|Any CPU.Build.0 = Release|Any CPU
		{512D9254-F569-4A35-A507-9CFB5E515381}.Debug|Any CPU.ActiveCfg = Debug|Any CPU
		{512D9254-F569-4A35-A507-9CFB5E515381}.Debug|Any CPU.Build.0 = Debug|Any CPU
		{512D9254-F569-4A35-A507-9CFB5E515381}.Release|Any CPU.ActiveCfg = Release|Any CPU
		{512D9254-F569-4A35-A507-9CFB5E515381}.Release|Any CPU.Build.0 = Release|Any CPU
		{CFCFC829-D7FF-4BC5-8CD4-2DC47FE9BA4C}.Debug|Any CPU.ActiveCfg = Debug|Any CPU
		{CFCFC829-D7FF-4BC5-8CD4-2DC47FE9BA4C}.Debug|Any CPU.Build.0 = Debug|Any CPU
		{CFCFC829-D7FF-4BC5-8CD4-2DC47FE9BA4C}.Release|Any CPU.ActiveCfg = Release|Any CPU
		{CFCFC829-D7FF-4BC5-8CD4-2DC47FE9BA4C}.Release|Any CPU.Build.0 = Release|Any CPU
		{590B6D22-39A7-4EBF-ACF3-13F75E106F00}.Debug|Any CPU.ActiveCfg = Debug|Any CPU
		{590B6D22-39A7-4EBF-ACF3-13F75E106F00}.Debug|Any CPU.Build.0 = Debug|Any CPU
		{590B6D22-39A7-4EBF-ACF3-13F75E106F00}.Release|Any CPU.ActiveCfg = Release|Any CPU
		{590B6D22-39A7-4EBF-ACF3-13F75E106F00}.Release|Any CPU.Build.0 = Release|Any CPU
		{DEAA3150-A212-4D84-9814-E54B934B94B7}.Debug|Any CPU.ActiveCfg = Debug|Any CPU
		{DEAA3150-A212-4D84-9814-E54B934B94B7}.Debug|Any CPU.Build.0 = Debug|Any CPU
		{DEAA3150-A212-4D84-9814-E54B934B94B7}.Release|Any CPU.ActiveCfg = Release|Any CPU
		{DEAA3150-A212-4D84-9814-E54B934B94B7}.Release|Any CPU.Build.0 = Release|Any CPU
		{C071905A-8EA8-42DC-9FB9-45F0E9EC97AE}.Debug|Any CPU.ActiveCfg = Debug|Any CPU
		{C071905A-8EA8-42DC-9FB9-45F0E9EC97AE}.Debug|Any CPU.Build.0 = Debug|Any CPU
		{C071905A-8EA8-42DC-9FB9-45F0E9EC97AE}.Release|Any CPU.ActiveCfg = Release|Any CPU
		{C071905A-8EA8-42DC-9FB9-45F0E9EC97AE}.Release|Any CPU.Build.0 = Release|Any CPU
		{6D34CEFB-1C68-4B3E-AA1D-9CE9878701F2}.Debug|Any CPU.ActiveCfg = Debug|Any CPU
		{6D34CEFB-1C68-4B3E-AA1D-9CE9878701F2}.Debug|Any CPU.Build.0 = Debug|Any CPU
		{6D34CEFB-1C68-4B3E-AA1D-9CE9878701F2}.Release|Any CPU.ActiveCfg = Release|Any CPU
		{6D34CEFB-1C68-4B3E-AA1D-9CE9878701F2}.Release|Any CPU.Build.0 = Release|Any CPU
		{D8CDA6DF-A1CF-4EBD-BDEF-3D7329245DE5}.Debug|Any CPU.ActiveCfg = Debug|Any CPU
		{D8CDA6DF-A1CF-4EBD-BDEF-3D7329245DE5}.Debug|Any CPU.Build.0 = Debug|Any CPU
		{D8CDA6DF-A1CF-4EBD-BDEF-3D7329245DE5}.Release|Any CPU.ActiveCfg = Release|Any CPU
		{D8CDA6DF-A1CF-4EBD-BDEF-3D7329245DE5}.Release|Any CPU.Build.0 = Release|Any CPU
		{F9E3807C-792A-4836-8180-D19052204A31}.Debug|Any CPU.ActiveCfg = Debug|Any CPU
		{F9E3807C-792A-4836-8180-D19052204A31}.Debug|Any CPU.Build.0 = Debug|Any CPU
		{F9E3807C-792A-4836-8180-D19052204A31}.Release|Any CPU.ActiveCfg = Release|Any CPU
		{F9E3807C-792A-4836-8180-D19052204A31}.Release|Any CPU.Build.0 = Release|Any CPU
		{074FC55D-9FDC-42CD-A805-C70AC0099E0E}.Debug|Any CPU.ActiveCfg = Debug|Any CPU
		{074FC55D-9FDC-42CD-A805-C70AC0099E0E}.Debug|Any CPU.Build.0 = Debug|Any CPU
		{074FC55D-9FDC-42CD-A805-C70AC0099E0E}.Release|Any CPU.ActiveCfg = Release|Any CPU
		{074FC55D-9FDC-42CD-A805-C70AC0099E0E}.Release|Any CPU.Build.0 = Release|Any CPU
		{97588F41-CE7E-439A-AA40-B1532E49485A}.Debug|Any CPU.ActiveCfg = Debug|Any CPU
		{97588F41-CE7E-439A-AA40-B1532E49485A}.Debug|Any CPU.Build.0 = Debug|Any CPU
		{97588F41-CE7E-439A-AA40-B1532E49485A}.Release|Any CPU.ActiveCfg = Release|Any CPU
		{97588F41-CE7E-439A-AA40-B1532E49485A}.Release|Any CPU.Build.0 = Release|Any CPU
		{58A5E9DC-9B74-4B9F-A7D1-4B80A1AA6DA4}.Debug|Any CPU.ActiveCfg = Debug|Any CPU
		{58A5E9DC-9B74-4B9F-A7D1-4B80A1AA6DA4}.Debug|Any CPU.Build.0 = Debug|Any CPU
		{58A5E9DC-9B74-4B9F-A7D1-4B80A1AA6DA4}.Release|Any CPU.ActiveCfg = Release|Any CPU
		{58A5E9DC-9B74-4B9F-A7D1-4B80A1AA6DA4}.Release|Any CPU.Build.0 = Release|Any CPU
	EndGlobalSection
	GlobalSection(SolutionProperties) = preSolution
		HideSolutionNode = FALSE
	EndGlobalSection
	GlobalSection(NestedProjects) = preSolution
		{671F020D-88C6-4A5C-BECE-282A463B5744} = {AB97A883-933A-49B4-BC15-AD486B9B7124}
		{152756E7-C51D-42F0-ADA0-D0BF6237506B} = {AB97A883-933A-49B4-BC15-AD486B9B7124}
		{99A989BE-5B08-4F8C-8672-0ED31FA61F44} = {AB97A883-933A-49B4-BC15-AD486B9B7124}
		{F441DA4C-4F20-4544-8467-06241FD8F494} = {AB97A883-933A-49B4-BC15-AD486B9B7124}
		{03EBB351-2200-49A4-9834-A5D4FF59472A} = {AB97A883-933A-49B4-BC15-AD486B9B7124}
		{4F4D2E17-5191-494E-A921-38B69566EEE3} = {AB97A883-933A-49B4-BC15-AD486B9B7124}
		{05BC7054-E125-44BF-98ED-FD4965A90AF8} = {AB97A883-933A-49B4-BC15-AD486B9B7124}
		{CFCFC829-D7FF-4BC5-8CD4-2DC47FE9BA4C} = {AB97A883-933A-49B4-BC15-AD486B9B7124}
		{590B6D22-39A7-4EBF-ACF3-13F75E106F00} = {AB97A883-933A-49B4-BC15-AD486B9B7124}
		{DEAA3150-A212-4D84-9814-E54B934B94B7} = {AB97A883-933A-49B4-BC15-AD486B9B7124}
		{C071905A-8EA8-42DC-9FB9-45F0E9EC97AE} = {AB97A883-933A-49B4-BC15-AD486B9B7124}
		{6D34CEFB-1C68-4B3E-AA1D-9CE9878701F2} = {AB97A883-933A-49B4-BC15-AD486B9B7124}
		{D8CDA6DF-A1CF-4EBD-BDEF-3D7329245DE5} = {AB97A883-933A-49B4-BC15-AD486B9B7124}
		{F9E3807C-792A-4836-8180-D19052204A31} = {AB97A883-933A-49B4-BC15-AD486B9B7124}
		{97588F41-CE7E-439A-AA40-B1532E49485A} = {AB97A883-933A-49B4-BC15-AD486B9B7124}
		{58A5E9DC-9B74-4B9F-A7D1-4B80A1AA6DA4} = {AB97A883-933A-49B4-BC15-AD486B9B7124}
		{519BED8B-6ECD-4D09-86E8-5D7C5C00AA4E} = {72AF2C54-679B-4F9D-927E-596288898C89}
		{512D9254-F569-4A35-A507-9CFB5E515381} = {72AF2C54-679B-4F9D-927E-596288898C89}
		{074FC55D-9FDC-42CD-A805-C70AC0099E0E} = {55391EA7-84B3-4665-9D93-92E7A962F981}
	EndGlobalSection
EndGlobal
