
Microsoft Visual Studio Solution File, Format Version 12.00
# Visual Studio 2013
VisualStudioVersion = 12.0.21005.1
MinimumVisualStudioVersion = 10.0.40219.1
Project("{FAE04EC0-301F-11D3-BF4B-00C04F79EFBC}") = "Unidade_3", "UnidadeIII\Unidade_3.csproj", "{016001A4-B3C4-4934-9DF2-3347073B815A}"
EndProject
Project("{2150E333-8FDC-42A3-9474-1A3956D46DE8}") = "Unidades", "Unidades", "{AB97A883-933A-49B4-BC15-AD486B9B7124}"
EndProject
Project("{FAE04EC0-301F-11D3-BF4B-00C04F79EFBC}") = "Unidade_3_Complementar", "H:\Unidade 3 Complementar\Unidade 3\Unidade_3_Complementar.csproj", "{152756E7-C51D-42F0-ADA0-D0BF6237506B}"
EndProject
Project("{FAE04EC0-301F-11D3-BF4B-00C04F79EFBC}") = "Unidade_4", "H:\Unidade 4\Unidade 4\Unidade_4.csproj", "{99A989BE-5B08-4F8C-8672-0ED31FA61F44}"
EndProject
Global
	GlobalSection(SolutionConfigurationPlatforms) = preSolution
		Debug|Any CPU = Debug|Any CPU
		Release|Any CPU = Release|Any CPU
	EndGlobalSection
	GlobalSection(ProjectConfigurationPlatforms) = postSolution
		{016001A4-B3C4-4934-9DF2-3347073B815A}.Debug|Any CPU.ActiveCfg = Debug|Any CPU
		{016001A4-B3C4-4934-9DF2-3347073B815A}.Debug|Any CPU.Build.0 = Debug|Any CPU
		{016001A4-B3C4-4934-9DF2-3347073B815A}.Release|Any CPU.ActiveCfg = Release|Any CPU
		{016001A4-B3C4-4934-9DF2-3347073B815A}.Release|Any CPU.Build.0 = Release|Any CPU
		{152756E7-C51D-42F0-ADA0-D0BF6237506B}.Debug|Any CPU.ActiveCfg = Debug|Any CPU
		{152756E7-C51D-42F0-ADA0-D0BF6237506B}.Debug|Any CPU.Build.0 = Debug|Any CPU
		{152756E7-C51D-42F0-ADA0-D0BF6237506B}.Release|Any CPU.ActiveCfg = Release|Any CPU
		{152756E7-C51D-42F0-ADA0-D0BF6237506B}.Release|Any CPU.Build.0 = Release|Any CPU
		{99A989BE-5B08-4F8C-8672-0ED31FA61F44}.Debug|Any CPU.ActiveCfg = Debug|Any CPU
		{99A989BE-5B08-4F8C-8672-0ED31FA61F44}.Debug|Any CPU.Build.0 = Debug|Any CPU
		{99A989BE-5B08-4F8C-8672-0ED31FA61F44}.Release|Any CPU.ActiveCfg = Release|Any CPU
		{99A989BE-5B08-4F8C-8672-0ED31FA61F44}.Release|Any CPU.Build.0 = Release|Any CPU
	EndGlobalSection
	GlobalSection(SolutionProperties) = preSolution
		HideSolutionNode = FALSE
	EndGlobalSection
	GlobalSection(NestedProjects) = preSolution
		{016001A4-B3C4-4934-9DF2-3347073B815A} = {AB97A883-933A-49B4-BC15-AD486B9B7124}
		{152756E7-C51D-42F0-ADA0-D0BF6237506B} = {AB97A883-933A-49B4-BC15-AD486B9B7124}
		{99A989BE-5B08-4F8C-8672-0ED31FA61F44} = {AB97A883-933A-49B4-BC15-AD486B9B7124}
	EndGlobalSection
EndGlobal
